
Microsoft Visual Studio Solution File, Format Version 11.00
# Visual C# Express 2010
Project("{FAE04EC0-301F-11D3-BF4B-00C04F79EFBC}") = "20120531Puzzle", "20120531Puzzle\20120531Puzzle.csproj", "{3B7A1D05-006A-4DF6-B58C-7B162FCBE45B}"
EndProject
Global
	GlobalSection(SolutionConfigurationPlatforms) = preSolution
		Debug|x86 = Debug|x86
		Release|x86 = Release|x86
	EndGlobalSection
	GlobalSection(ProjectConfigurationPlatforms) = postSolution
		{3B7A1D05-006A-4DF6-B58C-7B162FCBE45B}.Debug|x86.ActiveCfg = Debug|x86
		{3B7A1D05-006A-4DF6-B58C-7B162FCBE45B}.Debug|x86.Build.0 = Debug|x86
		{3B7A1D05-006A-4DF6-B58C-7B162FCBE45B}.Release|x86.ActiveCfg = Release|x86
		{3B7A1D05-006A-4DF6-B58C-7B162FCBE45B}.Release|x86.Build.0 = Release|x86
	EndGlobalSection
	GlobalSection(SolutionProperties) = preSolution
		HideSolutionNode = FALSE
	EndGlobalSection
EndGlobal
