
Microsoft Visual Studio Solution File, Format Version 11.00
# Visual C# Express 2010
Project("{FAE04EC0-301F-11D3-BF4B-00C04F79EFBC}") = "20120606Pose", "20120606Pose\20120606Pose.csproj", "{1A6EDB7D-30F7-48BF-AC33-F9B18F971D4E}"
EndProject
Global
	GlobalSection(SolutionConfigurationPlatforms) = preSolution
		Debug|x86 = Debug|x86
		Release|x86 = Release|x86
	EndGlobalSection
	GlobalSection(ProjectConfigurationPlatforms) = postSolution
		{1A6EDB7D-30F7-48BF-AC33-F9B18F971D4E}.Debug|x86.ActiveCfg = Debug|x86
		{1A6EDB7D-30F7-48BF-AC33-F9B18F971D4E}.Debug|x86.Build.0 = Debug|x86
		{1A6EDB7D-30F7-48BF-AC33-F9B18F971D4E}.Release|x86.ActiveCfg = Release|x86
		{1A6EDB7D-30F7-48BF-AC33-F9B18F971D4E}.Release|x86.Build.0 = Release|x86
	EndGlobalSection
	GlobalSection(SolutionProperties) = preSolution
		HideSolutionNode = FALSE
	EndGlobalSection
EndGlobal
