
Microsoft Visual Studio Solution File, Format Version 11.00
# Visual C# Express 2010
Project("{FAE04EC0-301F-11D3-BF4B-00C04F79EFBC}") = "20120614ConnectArduino", "20120614ConnectArduino\20120614ConnectArduino.csproj", "{9BDA485E-98E1-4A6D-A372-851D71704CC8}"
EndProject
Global
	GlobalSection(SolutionConfigurationPlatforms) = preSolution
		Debug|x86 = Debug|x86
		Release|x86 = Release|x86
	EndGlobalSection
	GlobalSection(ProjectConfigurationPlatforms) = postSolution
		{9BDA485E-98E1-4A6D-A372-851D71704CC8}.Debug|x86.ActiveCfg = Debug|x86
		{9BDA485E-98E1-4A6D-A372-851D71704CC8}.Debug|x86.Build.0 = Debug|x86
		{9BDA485E-98E1-4A6D-A372-851D71704CC8}.Release|x86.ActiveCfg = Release|x86
		{9BDA485E-98E1-4A6D-A372-851D71704CC8}.Release|x86.Build.0 = Release|x86
	EndGlobalSection
	GlobalSection(SolutionProperties) = preSolution
		HideSolutionNode = FALSE
	EndGlobalSection
EndGlobal
